// !$*UTF8*$!
{
	archiveVersion = 1;
	classes = {
	};
	objectVersion = 50;
	objects = {

/* Begin PBXBuildFile section */
		32070842230BB22600BCE372 /* SAPAnimationView.swift in Sources */ = {isa = PBXBuildFile; fileRef = 32070841230BB22600BCE372 /* SAPAnimationView.swift */; };
		321B9226230BE36900FD668B /* SAPAnimatedSwitch.swift in Sources */ = {isa = PBXBuildFile; fileRef = 321B9225230BE36900FD668B /* SAPAnimatedSwitch.swift */; };
		323BCD9722F945230067D2E0 /* SAPHomeViewController.swift in Sources */ = {isa = PBXBuildFile; fileRef = 323BCD9622F945230067D2E0 /* SAPHomeViewController.swift */; };
		323BCD9922F945670067D2E0 /* SAPHomeViewModel.swift in Sources */ = {isa = PBXBuildFile; fileRef = 323BCD9822F945670067D2E0 /* SAPHomeViewModel.swift */; };
		323BCD9C22F945D10067D2E0 /* SAPHomeModel.swift in Sources */ = {isa = PBXBuildFile; fileRef = 323BCD9B22F945D10067D2E0 /* SAPHomeModel.swift */; };
		323BCD9F22F946A40067D2E0 /* SAPHomeCell.swift in Sources */ = {isa = PBXBuildFile; fileRef = 323BCD9E22F946A40067D2E0 /* SAPHomeCell.swift */; };
		323BCDA122F946D40067D2E0 /* SAPHomeCellViewModel.swift in Sources */ = {isa = PBXBuildFile; fileRef = 323BCDA022F946D40067D2E0 /* SAPHomeCellViewModel.swift */; };
		3258127A2301826700A54C86 /* SAPSearchListViewController.swift in Sources */ = {isa = PBXBuildFile; fileRef = 325812792301826700A54C86 /* SAPSearchListViewController.swift */; };
		3258127C2301829100A54C86 /* SAPSearchListViewModel.swift in Sources */ = {isa = PBXBuildFile; fileRef = 3258127B2301829100A54C86 /* SAPSearchListViewModel.swift */; };
		3258127F230182F900A54C86 /* SAPSearchListCell.swift in Sources */ = {isa = PBXBuildFile; fileRef = 3258127E230182F900A54C86 /* SAPSearchListCell.swift */; };
		325812812301831800A54C86 /* SAPSearchListCellViewModel.swift in Sources */ = {isa = PBXBuildFile; fileRef = 325812802301831800A54C86 /* SAPSearchListCellViewModel.swift */; };
		325812832301851C00A54C86 /* GlobalConstant.swift in Sources */ = {isa = PBXBuildFile; fileRef = 325812822301851C00A54C86 /* GlobalConstant.swift */; };
		3271159522F9320A0057504D /* AppDelegate.swift in Sources */ = {isa = PBXBuildFile; fileRef = 3271159422F9320A0057504D /* AppDelegate.swift */; };
		3271159C22F9320B0057504D /* Assets.xcassets in Resources */ = {isa = PBXBuildFile; fileRef = 3271159B22F9320B0057504D /* Assets.xcassets */; };
		3290048F22FBD6E900D18F87 /* SAPContactViewController.swift in Sources */ = {isa = PBXBuildFile; fileRef = 3290048E22FBD6E900D18F87 /* SAPContactViewController.swift */; };
		3290049122FBD72700D18F87 /* SAPContactViewModel.swift in Sources */ = {isa = PBXBuildFile; fileRef = 3290049022FBD72700D18F87 /* SAPContactViewModel.swift */; };
		3290049422FBD76700D18F87 /* SAPContactCellViewModel.swift in Sources */ = {isa = PBXBuildFile; fileRef = 3290049322FBD76700D18F87 /* SAPContactCellViewModel.swift */; };
		3290049622FBD79100D18F87 /* SAPContactModel.swift in Sources */ = {isa = PBXBuildFile; fileRef = 3290049522FBD79100D18F87 /* SAPContactModel.swift */; };
		3290049822FBD7ED00D18F87 /* SAPContactCell.swift in Sources */ = {isa = PBXBuildFile; fileRef = 3290049722FBD7ED00D18F87 /* SAPContactCell.swift */; };
		3293DB4922FD144400CC48DF /* SAPContactEditViewController.swift in Sources */ = {isa = PBXBuildFile; fileRef = 3293DB4822FD144400CC48DF /* SAPContactEditViewController.swift */; };
		3293DB4B22FD147B00CC48DF /* SAPContactEditViewModel.swift in Sources */ = {isa = PBXBuildFile; fileRef = 3293DB4A22FD147B00CC48DF /* SAPContactEditViewModel.swift */; };
		3293DB4E22FD2AE300CC48DF /* SAPPopupWrapperNavigationViewController.swift in Sources */ = {isa = PBXBuildFile; fileRef = 3293DB4D22FD2AE300CC48DF /* SAPPopupWrapperNavigationViewController.swift */; };
		329B1490230269BE007217D4 /* SAPFlickrSearchResponse.swift in Sources */ = {isa = PBXBuildFile; fileRef = 329B148F230269BE007217D4 /* SAPFlickrSearchResponse.swift */; };
		329B149423026AF2007217D4 /* SAPJSONService.swift in Sources */ = {isa = PBXBuildFile; fileRef = 329B149323026AF2007217D4 /* SAPJSONService.swift */; };
		329B149623026B48007217D4 /* SAPJSONServiceProtocol.swift in Sources */ = {isa = PBXBuildFile; fileRef = 329B149523026B48007217D4 /* SAPJSONServiceProtocol.swift */; };
		329B14982302773D007217D4 /* SAPFlickrPhotoModel.swift in Sources */ = {isa = PBXBuildFile; fileRef = 329B14972302773D007217D4 /* SAPFlickrPhotoModel.swift */; };
		329B149B230277CF007217D4 /* SAPFlickrSearchTransformType.swift in Sources */ = {isa = PBXBuildFile; fileRef = 329B149A230277CF007217D4 /* SAPFlickrSearchTransformType.swift */; };
		32D1E022230A55CE0056C6A3 /* SAPLottieModel.swift in Sources */ = {isa = PBXBuildFile; fileRef = 32D1E021230A55CE0056C6A3 /* SAPLottieModel.swift */; };
		32D1E024230A568C0056C6A3 /* SAPLottieCell.swift in Sources */ = {isa = PBXBuildFile; fileRef = 32D1E023230A568C0056C6A3 /* SAPLottieCell.swift */; };
		32D1E026230A569F0056C6A3 /* SAPLottieCellViewModel.swift in Sources */ = {isa = PBXBuildFile; fileRef = 32D1E025230A569F0056C6A3 /* SAPLottieCellViewModel.swift */; };
		32D1E02A230ABB470056C6A3 /* SAPAnimationFactory.swift in Sources */ = {isa = PBXBuildFile; fileRef = 32D1E029230ABB470056C6A3 /* SAPAnimationFactory.swift */; };
		32D1E02C230ABDA70056C6A3 /* SAPAnimatedButton.swift in Sources */ = {isa = PBXBuildFile; fileRef = 32D1E02B230ABDA70056C6A3 /* SAPAnimatedButton.swift */; };
		32ECB3CC23051F27000AA3F3 /* SAPLottieViewController.swift in Sources */ = {isa = PBXBuildFile; fileRef = 32ECB3CB23051F27000AA3F3 /* SAPLottieViewController.swift */; };
		32ECB3CE23051FE6000AA3F3 /* SAPLottieViewModel.swift in Sources */ = {isa = PBXBuildFile; fileRef = 32ECB3CD23051FE6000AA3F3 /* SAPLottieViewModel.swift */; };
		32ECB3D023054ABD000AA3F3 /* TwitterHeart.json in Resources */ = {isa = PBXBuildFile; fileRef = 32ECB3CF23054ABC000AA3F3 /* TwitterHeart.json */; };
		F612AC8B148A63B9359B282D /* Pods_SwiftAwesomeProject.framework in Frameworks */ = {isa = PBXBuildFile; fileRef = C7334C4B167B7CFD92DEA62B /* Pods_SwiftAwesomeProject.framework */; };
/* End PBXBuildFile section */

/* Begin PBXFileReference section */
		19EDD9E705A684D2270A347F /* Pods-SwiftAwesomeProject.release.xcconfig */ = {isa = PBXFileReference; includeInIndex = 1; lastKnownFileType = text.xcconfig; name = "Pods-SwiftAwesomeProject.release.xcconfig"; path = "Pods/Target Support Files/Pods-SwiftAwesomeProject/Pods-SwiftAwesomeProject.release.xcconfig"; sourceTree = "<group>"; };
		32070841230BB22600BCE372 /* SAPAnimationView.swift */ = {isa = PBXFileReference; lastKnownFileType = sourcecode.swift; path = SAPAnimationView.swift; sourceTree = "<group>"; };
		321B9225230BE36900FD668B /* SAPAnimatedSwitch.swift */ = {isa = PBXFileReference; lastKnownFileType = sourcecode.swift; path = SAPAnimatedSwitch.swift; sourceTree = "<group>"; };
		323BCD9622F945230067D2E0 /* SAPHomeViewController.swift */ = {isa = PBXFileReference; lastKnownFileType = sourcecode.swift; path = SAPHomeViewController.swift; sourceTree = "<group>"; };
		323BCD9822F945670067D2E0 /* SAPHomeViewModel.swift */ = {isa = PBXFileReference; lastKnownFileType = sourcecode.swift; path = SAPHomeViewModel.swift; sourceTree = "<group>"; };
		323BCD9B22F945D10067D2E0 /* SAPHomeModel.swift */ = {isa = PBXFileReference; lastKnownFileType = sourcecode.swift; path = SAPHomeModel.swift; sourceTree = "<group>"; };
		323BCD9E22F946A40067D2E0 /* SAPHomeCell.swift */ = {isa = PBXFileReference; lastKnownFileType = sourcecode.swift; path = SAPHomeCell.swift; sourceTree = "<group>"; };
		323BCDA022F946D40067D2E0 /* SAPHomeCellViewModel.swift */ = {isa = PBXFileReference; lastKnownFileType = sourcecode.swift; path = SAPHomeCellViewModel.swift; sourceTree = "<group>"; };
		325812792301826700A54C86 /* SAPSearchListViewController.swift */ = {isa = PBXFileReference; lastKnownFileType = sourcecode.swift; path = SAPSearchListViewController.swift; sourceTree = "<group>"; };
		3258127B2301829100A54C86 /* SAPSearchListViewModel.swift */ = {isa = PBXFileReference; lastKnownFileType = sourcecode.swift; path = SAPSearchListViewModel.swift; sourceTree = "<group>"; };
		3258127E230182F900A54C86 /* SAPSearchListCell.swift */ = {isa = PBXFileReference; lastKnownFileType = sourcecode.swift; path = SAPSearchListCell.swift; sourceTree = "<group>"; };
		325812802301831800A54C86 /* SAPSearchListCellViewModel.swift */ = {isa = PBXFileReference; lastKnownFileType = sourcecode.swift; path = SAPSearchListCellViewModel.swift; sourceTree = "<group>"; };
		325812822301851C00A54C86 /* GlobalConstant.swift */ = {isa = PBXFileReference; lastKnownFileType = sourcecode.swift; path = GlobalConstant.swift; sourceTree = "<group>"; };
		3271159122F9320A0057504D /* SwiftAwesomeProject.app */ = {isa = PBXFileReference; explicitFileType = wrapper.application; includeInIndex = 0; path = SwiftAwesomeProject.app; sourceTree = BUILT_PRODUCTS_DIR; };
		3271159422F9320A0057504D /* AppDelegate.swift */ = {isa = PBXFileReference; lastKnownFileType = sourcecode.swift; path = AppDelegate.swift; sourceTree = "<group>"; };
		3271159B22F9320B0057504D /* Assets.xcassets */ = {isa = PBXFileReference; lastKnownFileType = folder.assetcatalog; path = Assets.xcassets; sourceTree = "<group>"; };
		327115A022F9320B0057504D /* Info.plist */ = {isa = PBXFileReference; lastKnownFileType = text.plist.xml; path = Info.plist; sourceTree = "<group>"; };
		3290048E22FBD6E900D18F87 /* SAPContactViewController.swift */ = {isa = PBXFileReference; lastKnownFileType = sourcecode.swift; path = SAPContactViewController.swift; sourceTree = "<group>"; };
		3290049022FBD72700D18F87 /* SAPContactViewModel.swift */ = {isa = PBXFileReference; lastKnownFileType = sourcecode.swift; path = SAPContactViewModel.swift; sourceTree = "<group>"; };
		3290049322FBD76700D18F87 /* SAPContactCellViewModel.swift */ = {isa = PBXFileReference; lastKnownFileType = sourcecode.swift; path = SAPContactCellViewModel.swift; sourceTree = "<group>"; };
		3290049522FBD79100D18F87 /* SAPContactModel.swift */ = {isa = PBXFileReference; lastKnownFileType = sourcecode.swift; path = SAPContactModel.swift; sourceTree = "<group>"; };
		3290049722FBD7ED00D18F87 /* SAPContactCell.swift */ = {isa = PBXFileReference; lastKnownFileType = sourcecode.swift; path = SAPContactCell.swift; sourceTree = "<group>"; };
		3293DB4822FD144400CC48DF /* SAPContactEditViewController.swift */ = {isa = PBXFileReference; lastKnownFileType = sourcecode.swift; path = SAPContactEditViewController.swift; sourceTree = "<group>"; };
		3293DB4A22FD147B00CC48DF /* SAPContactEditViewModel.swift */ = {isa = PBXFileReference; lastKnownFileType = sourcecode.swift; path = SAPContactEditViewModel.swift; sourceTree = "<group>"; };
		3293DB4D22FD2AE300CC48DF /* SAPPopupWrapperNavigationViewController.swift */ = {isa = PBXFileReference; lastKnownFileType = sourcecode.swift; path = SAPPopupWrapperNavigationViewController.swift; sourceTree = "<group>"; };
		329B148F230269BE007217D4 /* SAPFlickrSearchResponse.swift */ = {isa = PBXFileReference; lastKnownFileType = sourcecode.swift; path = SAPFlickrSearchResponse.swift; sourceTree = "<group>"; };
		329B149323026AF2007217D4 /* SAPJSONService.swift */ = {isa = PBXFileReference; lastKnownFileType = sourcecode.swift; path = SAPJSONService.swift; sourceTree = "<group>"; };
		329B149523026B48007217D4 /* SAPJSONServiceProtocol.swift */ = {isa = PBXFileReference; lastKnownFileType = sourcecode.swift; path = SAPJSONServiceProtocol.swift; sourceTree = "<group>"; };
		329B14972302773D007217D4 /* SAPFlickrPhotoModel.swift */ = {isa = PBXFileReference; lastKnownFileType = sourcecode.swift; path = SAPFlickrPhotoModel.swift; sourceTree = "<group>"; };
		329B149A230277CF007217D4 /* SAPFlickrSearchTransformType.swift */ = {isa = PBXFileReference; lastKnownFileType = sourcecode.swift; path = SAPFlickrSearchTransformType.swift; sourceTree = "<group>"; };
		32D1E021230A55CE0056C6A3 /* SAPLottieModel.swift */ = {isa = PBXFileReference; lastKnownFileType = sourcecode.swift; path = SAPLottieModel.swift; sourceTree = "<group>"; };
		32D1E023230A568C0056C6A3 /* SAPLottieCell.swift */ = {isa = PBXFileReference; lastKnownFileType = sourcecode.swift; path = SAPLottieCell.swift; sourceTree = "<group>"; };
		32D1E025230A569F0056C6A3 /* SAPLottieCellViewModel.swift */ = {isa = PBXFileReference; lastKnownFileType = sourcecode.swift; path = SAPLottieCellViewModel.swift; sourceTree = "<group>"; };
		32D1E029230ABB470056C6A3 /* SAPAnimationFactory.swift */ = {isa = PBXFileReference; lastKnownFileType = sourcecode.swift; path = SAPAnimationFactory.swift; sourceTree = "<group>"; };
		32D1E02B230ABDA70056C6A3 /* SAPAnimatedButton.swift */ = {isa = PBXFileReference; lastKnownFileType = sourcecode.swift; path = SAPAnimatedButton.swift; sourceTree = "<group>"; };
		32ECB3CB23051F27000AA3F3 /* SAPLottieViewController.swift */ = {isa = PBXFileReference; lastKnownFileType = sourcecode.swift; path = SAPLottieViewController.swift; sourceTree = "<group>"; };
		32ECB3CD23051FE6000AA3F3 /* SAPLottieViewModel.swift */ = {isa = PBXFileReference; lastKnownFileType = sourcecode.swift; path = SAPLottieViewModel.swift; sourceTree = "<group>"; };
		32ECB3CF23054ABC000AA3F3 /* TwitterHeart.json */ = {isa = PBXFileReference; fileEncoding = 4; lastKnownFileType = text.json; path = TwitterHeart.json; sourceTree = "<group>"; };
		682C2278A5CAE26EB6C148D0 /* Pods-SwiftAwesomeProject.debug.xcconfig */ = {isa = PBXFileReference; includeInIndex = 1; lastKnownFileType = text.xcconfig; name = "Pods-SwiftAwesomeProject.debug.xcconfig"; path = "Pods/Target Support Files/Pods-SwiftAwesomeProject/Pods-SwiftAwesomeProject.debug.xcconfig"; sourceTree = "<group>"; };
		C7334C4B167B7CFD92DEA62B /* Pods_SwiftAwesomeProject.framework */ = {isa = PBXFileReference; explicitFileType = wrapper.framework; includeInIndex = 0; path = Pods_SwiftAwesomeProject.framework; sourceTree = BUILT_PRODUCTS_DIR; };
/* End PBXFileReference section */

/* Begin PBXFrameworksBuildPhase section */
		3271158E22F932090057504D /* Frameworks */ = {
			isa = PBXFrameworksBuildPhase;
			buildActionMask = 2147483647;
			files = (
				F612AC8B148A63B9359B282D /* Pods_SwiftAwesomeProject.framework in Frameworks */,
			);
			runOnlyForDeploymentPostprocessing = 0;
		};
/* End PBXFrameworksBuildPhase section */

/* Begin PBXGroup section */
		323BCD9422F944C90067D2E0 /* ViewController */ = {
			isa = PBXGroup;
			children = (
				32ECB3CA23051EC5000AA3F3 /* Lottie */,
				325812782301823400A54C86 /* SearchList */,
				3290048D22FBD55B00D18F87 /* ContactList */,
				323BCD9522F944DE0067D2E0 /* Home */,
			);
			path = ViewController;
			sourceTree = "<group>";
		};
		323BCD9522F944DE0067D2E0 /* Home */ = {
			isa = PBXGroup;
			children = (
				323BCD9D22F946820067D2E0 /* Cell */,
				323BCD9622F945230067D2E0 /* SAPHomeViewController.swift */,
				323BCD9822F945670067D2E0 /* SAPHomeViewModel.swift */,
			);
			path = Home;
			sourceTree = "<group>";
		};
		323BCD9A22F945A20067D2E0 /* Model */ = {
			isa = PBXGroup;
			children = (
				32D1E020230A55B60056C6A3 /* Lottie */,
				329B149923027743007217D4 /* FlickrSearch */,
				323BCD9B22F945D10067D2E0 /* SAPHomeModel.swift */,
				3290049522FBD79100D18F87 /* SAPContactModel.swift */,
			);
			path = Model;
			sourceTree = "<group>";
		};
		323BCD9D22F946820067D2E0 /* Cell */ = {
			isa = PBXGroup;
			children = (
				323BCD9E22F946A40067D2E0 /* SAPHomeCell.swift */,
				323BCDA022F946D40067D2E0 /* SAPHomeCellViewModel.swift */,
			);
			path = Cell;
			sourceTree = "<group>";
		};
		325812782301823400A54C86 /* SearchList */ = {
			isa = PBXGroup;
			children = (
				3258127D230182D000A54C86 /* Cell */,
				325812792301826700A54C86 /* SAPSearchListViewController.swift */,
				3258127B2301829100A54C86 /* SAPSearchListViewModel.swift */,
			);
			path = SearchList;
			sourceTree = "<group>";
		};
		3258127D230182D000A54C86 /* Cell */ = {
			isa = PBXGroup;
			children = (
				3258127E230182F900A54C86 /* SAPSearchListCell.swift */,
				325812802301831800A54C86 /* SAPSearchListCellViewModel.swift */,
			);
			path = Cell;
			sourceTree = "<group>";
		};
		3271158822F932090057504D = {
			isa = PBXGroup;
			children = (
				3271159322F9320A0057504D /* SwiftAwesomeProject */,
				3271159222F9320A0057504D /* Products */,
				E321E1D4DB7B16840654AC0A /* Pods */,
				CA68675F16BDCD59AAD0FFB1 /* Frameworks */,
			);
			sourceTree = "<group>";
		};
		3271159222F9320A0057504D /* Products */ = {
			isa = PBXGroup;
			children = (
				3271159122F9320A0057504D /* SwiftAwesomeProject.app */,
			);
			name = Products;
			sourceTree = "<group>";
		};
		3271159322F9320A0057504D /* SwiftAwesomeProject */ = {
			isa = PBXGroup;
			children = (
				329B149123026A9A007217D4 /* Helper */,
				323BCD9A22F945A20067D2E0 /* Model */,
				323BCD9422F944C90067D2E0 /* ViewController */,
				3271159422F9320A0057504D /* AppDelegate.swift */,
				3271159B22F9320B0057504D /* Assets.xcassets */,
				327115A022F9320B0057504D /* Info.plist */,
				325812822301851C00A54C86 /* GlobalConstant.swift */,
			);
			path = SwiftAwesomeProject;
			sourceTree = "<group>";
		};
		3290048D22FBD55B00D18F87 /* ContactList */ = {
			isa = PBXGroup;
			children = (
				3293DB4C22FD2A9F00CC48DF /* Wrapper */,
				3293DB4722FD13F300CC48DF /* ContactEdit */,
				3290049222FBD73500D18F87 /* Cell */,
				3290048E22FBD6E900D18F87 /* SAPContactViewController.swift */,
				3290049022FBD72700D18F87 /* SAPContactViewModel.swift */,
			);
			path = ContactList;
			sourceTree = "<group>";
		};
		3290049222FBD73500D18F87 /* Cell */ = {
			isa = PBXGroup;
			children = (
				3290049722FBD7ED00D18F87 /* SAPContactCell.swift */,
				3290049322FBD76700D18F87 /* SAPContactCellViewModel.swift */,
			);
			path = Cell;
			sourceTree = "<group>";
		};
		3293DB4722FD13F300CC48DF /* ContactEdit */ = {
			isa = PBXGroup;
			children = (
				3293DB4822FD144400CC48DF /* SAPContactEditViewController.swift */,
				3293DB4A22FD147B00CC48DF /* SAPContactEditViewModel.swift */,
			);
			path = ContactEdit;
			sourceTree = "<group>";
		};
		3293DB4C22FD2A9F00CC48DF /* Wrapper */ = {
			isa = PBXGroup;
			children = (
				3293DB4D22FD2AE300CC48DF /* SAPPopupWrapperNavigationViewController.swift */,
			);
			path = Wrapper;
			sourceTree = "<group>";
		};
		329B149123026A9A007217D4 /* Helper */ = {
			isa = PBXGroup;
			children = (
				329B149223026AA1007217D4 /* APIServices */,
			);
			path = Helper;
			sourceTree = "<group>";
		};
		329B149223026AA1007217D4 /* APIServices */ = {
			isa = PBXGroup;
			children = (
				329B149323026AF2007217D4 /* SAPJSONService.swift */,
				329B149523026B48007217D4 /* SAPJSONServiceProtocol.swift */,
			);
			path = APIServices;
			sourceTree = "<group>";
		};
		329B149923027743007217D4 /* FlickrSearch */ = {
			isa = PBXGroup;
			children = (
				329B148F230269BE007217D4 /* SAPFlickrSearchResponse.swift */,
				329B14972302773D007217D4 /* SAPFlickrPhotoModel.swift */,
				329B149A230277CF007217D4 /* SAPFlickrSearchTransformType.swift */,
			);
			name = FlickrSearch;
			sourceTree = "<group>";
		};
		32D1E01F230A55840056C6A3 /* Cell */ = {
			isa = PBXGroup;
			children = (
				32D1E023230A568C0056C6A3 /* SAPLottieCell.swift */,
				32D1E025230A569F0056C6A3 /* SAPLottieCellViewModel.swift */,
			);
			path = Cell;
			sourceTree = "<group>";
		};
		32D1E020230A55B60056C6A3 /* Lottie */ = {
			isa = PBXGroup;
			children = (
				32D1E021230A55CE0056C6A3 /* SAPLottieModel.swift */,
			);
			name = Lottie;
			sourceTree = "<group>";
		};
		32D1E027230ABAF20056C6A3 /* Animation */ = {
			isa = PBXGroup;
			children = (
				32D1E029230ABB470056C6A3 /* SAPAnimationFactory.swift */,
				32D1E02B230ABDA70056C6A3 /* SAPAnimatedButton.swift */,
				32070841230BB22600BCE372 /* SAPAnimationView.swift */,
				321B9225230BE36900FD668B /* SAPAnimatedSwitch.swift */,
			);
			path = Animation;
			sourceTree = "<group>";
		};
		32D1E028230ABB100056C6A3 /* Resources */ = {
			isa = PBXGroup;
			children = (
				32ECB3CF23054ABC000AA3F3 /* TwitterHeart.json */,
			);
			path = Resources;
			sourceTree = "<group>";
		};
		32ECB3CA23051EC5000AA3F3 /* Lottie */ = {
			isa = PBXGroup;
			children = (
				32D1E028230ABB100056C6A3 /* Resources */,
				32D1E027230ABAF20056C6A3 /* Animation */,
				32D1E01F230A55840056C6A3 /* Cell */,
				32ECB3CB23051F27000AA3F3 /* SAPLottieViewController.swift */,
				32ECB3CD23051FE6000AA3F3 /* SAPLottieViewModel.swift */,
			);
			path = Lottie;
			sourceTree = "<group>";
		};
		CA68675F16BDCD59AAD0FFB1 /* Frameworks */ = {
			isa = PBXGroup;
			children = (
				C7334C4B167B7CFD92DEA62B /* Pods_SwiftAwesomeProject.framework */,
			);
			name = Frameworks;
			sourceTree = "<group>";
		};
		E321E1D4DB7B16840654AC0A /* Pods */ = {
			isa = PBXGroup;
			children = (
				682C2278A5CAE26EB6C148D0 /* Pods-SwiftAwesomeProject.debug.xcconfig */,
				19EDD9E705A684D2270A347F /* Pods-SwiftAwesomeProject.release.xcconfig */,
			);
			name = Pods;
			sourceTree = "<group>";
		};
/* End PBXGroup section */

/* Begin PBXNativeTarget section */
		3271159022F932090057504D /* SwiftAwesomeProject */ = {
			isa = PBXNativeTarget;
			buildConfigurationList = 327115A322F9320B0057504D /* Build configuration list for PBXNativeTarget "SwiftAwesomeProject" */;
			buildPhases = (
				C34F8D8FD9D30E5A5DD1418C /* [CP] Check Pods Manifest.lock */,
				3271158D22F932090057504D /* Sources */,
				3271158E22F932090057504D /* Frameworks */,
				3271158F22F932090057504D /* Resources */,
				0A851FD99EC17D8456058629 /* [CP] Embed Pods Frameworks */,
			);
			buildRules = (
			);
			dependencies = (
			);
			name = SwiftAwesomeProject;
			productName = SwiftAwesomeProject;
			productReference = 3271159122F9320A0057504D /* SwiftAwesomeProject.app */;
			productType = "com.apple.product-type.application";
		};
/* End PBXNativeTarget section */

/* Begin PBXProject section */
		3271158922F932090057504D /* Project object */ = {
			isa = PBXProject;
			attributes = {
				LastSwiftUpdateCheck = 1020;
				LastUpgradeCheck = 1020;
				ORGANIZATIONNAME = "An Binh";
				TargetAttributes = {
					3271159022F932090057504D = {
						CreatedOnToolsVersion = 10.2.1;
					};
				};
			};
			buildConfigurationList = 3271158C22F932090057504D /* Build configuration list for PBXProject "SwiftAwesomeProject" */;
			compatibilityVersion = "Xcode 9.3";
			developmentRegion = en;
			hasScannedForEncodings = 0;
			knownRegions = (
				en,
				Base,
			);
			mainGroup = 3271158822F932090057504D;
			productRefGroup = 3271159222F9320A0057504D /* Products */;
			projectDirPath = "";
			projectRoot = "";
			targets = (
				3271159022F932090057504D /* SwiftAwesomeProject */,
			);
		};
/* End PBXProject section */

/* Begin PBXResourcesBuildPhase section */
		3271158F22F932090057504D /* Resources */ = {
			isa = PBXResourcesBuildPhase;
			buildActionMask = 2147483647;
			files = (
				32ECB3D023054ABD000AA3F3 /* TwitterHeart.json in Resources */,
				3271159C22F9320B0057504D /* Assets.xcassets in Resources */,
			);
			runOnlyForDeploymentPostprocessing = 0;
		};
/* End PBXResourcesBuildPhase section */

/* Begin PBXShellScriptBuildPhase section */
		0A851FD99EC17D8456058629 /* [CP] Embed Pods Frameworks */ = {
			isa = PBXShellScriptBuildPhase;
			buildActionMask = 2147483647;
			files = (
			);
			inputFileListPaths = (
			);
			inputPaths = (
				"${SRCROOT}/Pods/Target Support Files/Pods-SwiftAwesomeProject/Pods-SwiftAwesomeProject-frameworks.sh",
				"${BUILT_PRODUCTS_DIR}/Action/Action.framework",
				"${BUILT_PRODUCTS_DIR}/Alamofire/Alamofire.framework",
				"${BUILT_PRODUCTS_DIR}/AlamofireImage/AlamofireImage.framework",
				"${BUILT_PRODUCTS_DIR}/DDMvvm/DDMvvm.framework",
				"${BUILT_PRODUCTS_DIR}/ObjectMapper/ObjectMapper.framework",
				"${BUILT_PRODUCTS_DIR}/PureLayout/PureLayout.framework",
				"${BUILT_PRODUCTS_DIR}/RxCocoa/RxCocoa.framework",
				"${BUILT_PRODUCTS_DIR}/RxRelay/RxRelay.framework",
				"${BUILT_PRODUCTS_DIR}/RxSwift/RxSwift.framework",
				"${BUILT_PRODUCTS_DIR}/lottie-ios/Lottie.framework",
			);
			name = "[CP] Embed Pods Frameworks";
			outputFileListPaths = (
			);
			outputPaths = (
				"${TARGET_BUILD_DIR}/${FRAMEWORKS_FOLDER_PATH}/Action.framework",
				"${TARGET_BUILD_DIR}/${FRAMEWORKS_FOLDER_PATH}/Alamofire.framework",
				"${TARGET_BUILD_DIR}/${FRAMEWORKS_FOLDER_PATH}/AlamofireImage.framework",
				"${TARGET_BUILD_DIR}/${FRAMEWORKS_FOLDER_PATH}/DDMvvm.framework",
				"${TARGET_BUILD_DIR}/${FRAMEWORKS_FOLDER_PATH}/ObjectMapper.framework",
				"${TARGET_BUILD_DIR}/${FRAMEWORKS_FOLDER_PATH}/PureLayout.framework",
				"${TARGET_BUILD_DIR}/${FRAMEWORKS_FOLDER_PATH}/RxCocoa.framework",
				"${TARGET_BUILD_DIR}/${FRAMEWORKS_FOLDER_PATH}/RxRelay.framework",
				"${TARGET_BUILD_DIR}/${FRAMEWORKS_FOLDER_PATH}/RxSwift.framework",
				"${TARGET_BUILD_DIR}/${FRAMEWORKS_FOLDER_PATH}/Lottie.framework",
			);
			runOnlyForDeploymentPostprocessing = 0;
			shellPath = /bin/sh;
			shellScript = "\"${SRCROOT}/Pods/Target Support Files/Pods-SwiftAwesomeProject/Pods-SwiftAwesomeProject-frameworks.sh\"\n";
			showEnvVarsInLog = 0;
		};
		C34F8D8FD9D30E5A5DD1418C /* [CP] Check Pods Manifest.lock */ = {
			isa = PBXShellScriptBuildPhase;
			buildActionMask = 2147483647;
			files = (
			);
			inputFileListPaths = (
			);
			inputPaths = (
				"${PODS_PODFILE_DIR_PATH}/Podfile.lock",
				"${PODS_ROOT}/Manifest.lock",
			);
			name = "[CP] Check Pods Manifest.lock";
			outputFileListPaths = (
			);
			outputPaths = (
				"$(DERIVED_FILE_DIR)/Pods-SwiftAwesomeProject-checkManifestLockResult.txt",
			);
			runOnlyForDeploymentPostprocessing = 0;
			shellPath = /bin/sh;
			shellScript = "diff \"${PODS_PODFILE_DIR_PATH}/Podfile.lock\" \"${PODS_ROOT}/Manifest.lock\" > /dev/null\nif [ $? != 0 ] ; then\n    # print error to STDERR\n    echo \"error: The sandbox is not in sync with the Podfile.lock. Run 'pod install' or update your CocoaPods installation.\" >&2\n    exit 1\nfi\n# This output is used by Xcode 'outputs' to avoid re-running this script phase.\necho \"SUCCESS\" > \"${SCRIPT_OUTPUT_FILE_0}\"\n";
			showEnvVarsInLog = 0;
		};
/* End PBXShellScriptBuildPhase section */

/* Begin PBXSourcesBuildPhase section */
		3271158D22F932090057504D /* Sources */ = {
			isa = PBXSourcesBuildPhase;
			buildActionMask = 2147483647;
			files = (
				325812812301831800A54C86 /* SAPSearchListCellViewModel.swift in Sources */,
				329B149423026AF2007217D4 /* SAPJSONService.swift in Sources */,
				329B149623026B48007217D4 /* SAPJSONServiceProtocol.swift in Sources */,
				3290049122FBD72700D18F87 /* SAPContactViewModel.swift in Sources */,
				323BCD9C22F945D10067D2E0 /* SAPHomeModel.swift in Sources */,
				3293DB4E22FD2AE300CC48DF /* SAPPopupWrapperNavigationViewController.swift in Sources */,
				3271159522F9320A0057504D /* AppDelegate.swift in Sources */,
				32D1E024230A568C0056C6A3 /* SAPLottieCell.swift in Sources */,
				325812832301851C00A54C86 /* GlobalConstant.swift in Sources */,
				32D1E022230A55CE0056C6A3 /* SAPLottieModel.swift in Sources */,
				32ECB3CC23051F27000AA3F3 /* SAPLottieViewController.swift in Sources */,
				329B149B230277CF007217D4 /* SAPFlickrSearchTransformType.swift in Sources */,
				3293DB4B22FD147B00CC48DF /* SAPContactEditViewModel.swift in Sources */,
				3290049822FBD7ED00D18F87 /* SAPContactCell.swift in Sources */,
				321B9226230BE36900FD668B /* SAPAnimatedSwitch.swift in Sources */,
				32ECB3CE23051FE6000AA3F3 /* SAPLottieViewModel.swift in Sources */,
				329B1490230269BE007217D4 /* SAPFlickrSearchResponse.swift in Sources */,
				32070842230BB22600BCE372 /* SAPAnimationView.swift in Sources */,
				323BCD9922F945670067D2E0 /* SAPHomeViewModel.swift in Sources */,
				323BCDA122F946D40067D2E0 /* SAPHomeCellViewModel.swift in Sources */,
				32D1E02C230ABDA70056C6A3 /* SAPAnimatedButton.swift in Sources */,
				3290049422FBD76700D18F87 /* SAPContactCellViewModel.swift in Sources */,
				3258127F230182F900A54C86 /* SAPSearchListCell.swift in Sources */,
				3258127C2301829100A54C86 /* SAPSearchListViewModel.swift in Sources */,
				323BCD9722F945230067D2E0 /* SAPHomeViewController.swift in Sources */,
				323BCD9F22F946A40067D2E0 /* SAPHomeCell.swift in Sources */,
				32D1E026230A569F0056C6A3 /* SAPLottieCellViewModel.swift in Sources */,
				3293DB4922FD144400CC48DF /* SAPContactEditViewController.swift in Sources */,
				3290048F22FBD6E900D18F87 /* SAPContactViewController.swift in Sources */,
				3290049622FBD79100D18F87 /* SAPContactModel.swift in Sources */,
				329B14982302773D007217D4 /* SAPFlickrPhotoModel.swift in Sources */,
				32D1E02A230ABB470056C6A3 /* SAPAnimationFactory.swift in Sources */,
				3258127A2301826700A54C86 /* SAPSearchListViewController.swift in Sources */,
			);
			runOnlyForDeploymentPostprocessing = 0;
		};
/* End PBXSourcesBuildPhase section */

/* Begin XCBuildConfiguration section */
		327115A122F9320B0057504D /* Debug */ = {
			isa = XCBuildConfiguration;
			buildSettings = {
				ALWAYS_SEARCH_USER_PATHS = NO;
				CLANG_ANALYZER_NONNULL = YES;
				CLANG_ANALYZER_NUMBER_OBJECT_CONVERSION = YES_AGGRESSIVE;
				CLANG_CXX_LANGUAGE_STANDARD = "gnu++14";
				CLANG_CXX_LIBRARY = "libc++";
				CLANG_ENABLE_MODULES = YES;
				CLANG_ENABLE_OBJC_ARC = YES;
				CLANG_ENABLE_OBJC_WEAK = YES;
				CLANG_WARN_BLOCK_CAPTURE_AUTORELEASING = YES;
				CLANG_WARN_BOOL_CONVERSION = YES;
				CLANG_WARN_COMMA = YES;
				CLANG_WARN_CONSTANT_CONVERSION = YES;
				CLANG_WARN_DEPRECATED_OBJC_IMPLEMENTATIONS = YES;
				CLANG_WARN_DIRECT_OBJC_ISA_USAGE = YES_ERROR;
				CLANG_WARN_DOCUMENTATION_COMMENTS = YES;
				CLANG_WARN_EMPTY_BODY = YES;
				CLANG_WARN_ENUM_CONVERSION = YES;
				CLANG_WARN_INFINITE_RECURSION = YES;
				CLANG_WARN_INT_CONVERSION = YES;
				CLANG_WARN_NON_LITERAL_NULL_CONVERSION = YES;
				CLANG_WARN_OBJC_IMPLICIT_RETAIN_SELF = YES;
				CLANG_WARN_OBJC_LITERAL_CONVERSION = YES;
				CLANG_WARN_OBJC_ROOT_CLASS = YES_ERROR;
				CLANG_WARN_RANGE_LOOP_ANALYSIS = YES;
				CLANG_WARN_STRICT_PROTOTYPES = YES;
				CLANG_WARN_SUSPICIOUS_MOVE = YES;
				CLANG_WARN_UNGUARDED_AVAILABILITY = YES_AGGRESSIVE;
				CLANG_WARN_UNREACHABLE_CODE = YES;
				CLANG_WARN__DUPLICATE_METHOD_MATCH = YES;
				CODE_SIGN_IDENTITY = "iPhone Developer";
				COPY_PHASE_STRIP = NO;
				DEBUG_INFORMATION_FORMAT = dwarf;
				ENABLE_STRICT_OBJC_MSGSEND = YES;
				ENABLE_TESTABILITY = YES;
				GCC_C_LANGUAGE_STANDARD = gnu11;
				GCC_DYNAMIC_NO_PIC = NO;
				GCC_NO_COMMON_BLOCKS = YES;
				GCC_OPTIMIZATION_LEVEL = 0;
				GCC_PREPROCESSOR_DEFINITIONS = (
					"DEBUG=1",
					"$(inherited)",
				);
				GCC_WARN_64_TO_32_BIT_CONVERSION = YES;
				GCC_WARN_ABOUT_RETURN_TYPE = YES_ERROR;
				GCC_WARN_UNDECLARED_SELECTOR = YES;
				GCC_WARN_UNINITIALIZED_AUTOS = YES_AGGRESSIVE;
				GCC_WARN_UNUSED_FUNCTION = YES;
				GCC_WARN_UNUSED_VARIABLE = YES;
				IPHONEOS_DEPLOYMENT_TARGET = 12.2;
				MTL_ENABLE_DEBUG_INFO = INCLUDE_SOURCE;
				MTL_FAST_MATH = YES;
				ONLY_ACTIVE_ARCH = YES;
				SDKROOT = iphoneos;
				SWIFT_ACTIVE_COMPILATION_CONDITIONS = DEBUG;
				SWIFT_OPTIMIZATION_LEVEL = "-Onone";
			};
			name = Debug;
		};
		327115A222F9320B0057504D /* Release */ = {
			isa = XCBuildConfiguration;
			buildSettings = {
				ALWAYS_SEARCH_USER_PATHS = NO;
				CLANG_ANALYZER_NONNULL = YES;
				CLANG_ANALYZER_NUMBER_OBJECT_CONVERSION = YES_AGGRESSIVE;
				CLANG_CXX_LANGUAGE_STANDARD = "gnu++14";
				CLANG_CXX_LIBRARY = "libc++";
				CLANG_ENABLE_MODULES = YES;
				CLANG_ENABLE_OBJC_ARC = YES;
				CLANG_ENABLE_OBJC_WEAK = YES;
				CLANG_WARN_BLOCK_CAPTURE_AUTORELEASING = YES;
				CLANG_WARN_BOOL_CONVERSION = YES;
				CLANG_WARN_COMMA = YES;
				CLANG_WARN_CONSTANT_CONVERSION = YES;
				CLANG_WARN_DEPRECATED_OBJC_IMPLEMENTATIONS = YES;
				CLANG_WARN_DIRECT_OBJC_ISA_USAGE = YES_ERROR;
				CLANG_WARN_DOCUMENTATION_COMMENTS = YES;
				CLANG_WARN_EMPTY_BODY = YES;
				CLANG_WARN_ENUM_CONVERSION = YES;
				CLANG_WARN_INFINITE_RECURSION = YES;
				CLANG_WARN_INT_CONVERSION = YES;
				CLANG_WARN_NON_LITERAL_NULL_CONVERSION = YES;
				CLANG_WARN_OBJC_IMPLICIT_RETAIN_SELF = YES;
				CLANG_WARN_OBJC_LITERAL_CONVERSION = YES;
				CLANG_WARN_OBJC_ROOT_CLASS = YES_ERROR;
				CLANG_WARN_RANGE_LOOP_ANALYSIS = YES;
				CLANG_WARN_STRICT_PROTOTYPES = YES;
				CLANG_WARN_SUSPICIOUS_MOVE = YES;
				CLANG_WARN_UNGUARDED_AVAILABILITY = YES_AGGRESSIVE;
				CLANG_WARN_UNREACHABLE_CODE = YES;
				CLANG_WARN__DUPLICATE_METHOD_MATCH = YES;
				CODE_SIGN_IDENTITY = "iPhone Developer";
				COPY_PHASE_STRIP = NO;
				DEBUG_INFORMATION_FORMAT = "dwarf-with-dsym";
				ENABLE_NS_ASSERTIONS = NO;
				ENABLE_STRICT_OBJC_MSGSEND = YES;
				GCC_C_LANGUAGE_STANDARD = gnu11;
				GCC_NO_COMMON_BLOCKS = YES;
				GCC_WARN_64_TO_32_BIT_CONVERSION = YES;
				GCC_WARN_ABOUT_RETURN_TYPE = YES_ERROR;
				GCC_WARN_UNDECLARED_SELECTOR = YES;
				GCC_WARN_UNINITIALIZED_AUTOS = YES_AGGRESSIVE;
				GCC_WARN_UNUSED_FUNCTION = YES;
				GCC_WARN_UNUSED_VARIABLE = YES;
				IPHONEOS_DEPLOYMENT_TARGET = 12.2;
				MTL_ENABLE_DEBUG_INFO = NO;
				MTL_FAST_MATH = YES;
				SDKROOT = iphoneos;
				SWIFT_COMPILATION_MODE = wholemodule;
				SWIFT_OPTIMIZATION_LEVEL = "-O";
				VALIDATE_PRODUCT = YES;
			};
			name = Release;
		};
		327115A422F9320B0057504D /* Debug */ = {
			isa = XCBuildConfiguration;
			baseConfigurationReference = 682C2278A5CAE26EB6C148D0 /* Pods-SwiftAwesomeProject.debug.xcconfig */;
			buildSettings = {
				ASSETCATALOG_COMPILER_APPICON_NAME = AppIcon;
				ASSETCATALOG_COMPILER_LAUNCHIMAGE_NAME = LaunchImage;
				CODE_SIGN_STYLE = Automatic;
				INFOPLIST_FILE = SwiftAwesomeProject/Info.plist;
				LD_RUNPATH_SEARCH_PATHS = (
					"$(inherited)",
					"@executable_path/Frameworks",
				);
				PRODUCT_BUNDLE_IDENTIFIER = com.org.starfall.SwiftAwesomeProject;
				PRODUCT_NAME = "$(TARGET_NAME)";
				SWIFT_VERSION = 5.0;
				TARGETED_DEVICE_FAMILY = "1,2";
			};
			name = Debug;
		};
		327115A522F9320B0057504D /* Release */ = {
			isa = XCBuildConfiguration;
			baseConfigurationReference = 19EDD9E705A684D2270A347F /* Pods-SwiftAwesomeProject.release.xcconfig */;
			buildSettings = {
				ASSETCATALOG_COMPILER_APPICON_NAME = AppIcon;
				ASSETCATALOG_COMPILER_LAUNCHIMAGE_NAME = LaunchImage;
				CODE_SIGN_STYLE = Automatic;
				INFOPLIST_FILE = SwiftAwesomeProject/Info.plist;
				LD_RUNPATH_SEARCH_PATHS = (
					"$(inherited)",
					"@executable_path/Frameworks",
				);
				PRODUCT_BUNDLE_IDENTIFIER = com.org.starfall.SwiftAwesomeProject;
				PRODUCT_NAME = "$(TARGET_NAME)";
				SWIFT_VERSION = 5.0;
				TARGETED_DEVICE_FAMILY = "1,2";
			};
			name = Release;
		};
/* End XCBuildConfiguration section */

/* Begin XCConfigurationList section */
		3271158C22F932090057504D /* Build configuration list for PBXProject "SwiftAwesomeProject" */ = {
			isa = XCConfigurationList;
			buildConfigurations = (
				327115A122F9320B0057504D /* Debug */,
				327115A222F9320B0057504D /* Release */,
			);
			defaultConfigurationIsVisible = 0;
			defaultConfigurationName = Release;
		};
		327115A322F9320B0057504D /* Build configuration list for PBXNativeTarget "SwiftAwesomeProject" */ = {
			isa = XCConfigurationList;
			buildConfigurations = (
				327115A422F9320B0057504D /* Debug */,
				327115A522F9320B0057504D /* Release */,
			);
			defaultConfigurationIsVisible = 0;
			defaultConfigurationName = Release;
		};
/* End XCConfigurationList section */
	};
	rootObject = 3271158922F932090057504D /* Project object */;
}
